
Microsoft Visual Studio Solution File, Format Version 12.00
# Visual Studio Version 17
VisualStudioVersion = 17.5.33516.290
MinimumVisualStudioVersion = 10.0.40219.1
Project("{FAE04EC0-301F-11D3-BF4B-00C04F79EFBC}") = "clase1_pruebalistbox", "clase1_pruebalistbox\clase1_pruebalistbox.csproj", "{27A04F12-74CC-4B4B-BAF7-87321687C573}"
EndProject
Global
	GlobalSection(SolutionConfigurationPlatforms) = preSolution
		Debug|Any CPU = Debug|Any CPU
		Release|Any CPU = Release|Any CPU
	EndGlobalSection
	GlobalSection(ProjectConfigurationPlatforms) = postSolution
		{27A04F12-74CC-4B4B-BAF7-87321687C573}.Debug|Any CPU.ActiveCfg = Debug|Any CPU
		{27A04F12-74CC-4B4B-BAF7-87321687C573}.Debug|Any CPU.Build.0 = Debug|Any CPU
		{27A04F12-74CC-4B4B-BAF7-87321687C573}.Release|Any CPU.ActiveCfg = Release|Any CPU
		{27A04F12-74CC-4B4B-BAF7-87321687C573}.Release|Any CPU.Build.0 = Release|Any CPU
	EndGlobalSection
	GlobalSection(SolutionProperties) = preSolution
		HideSolutionNode = FALSE
	EndGlobalSection
	GlobalSection(ExtensibilityGlobals) = postSolution
		SolutionGuid = {C7584BBB-478B-44A5-8B2F-4BD59DC8CB7F}
	EndGlobalSection
EndGlobal
