
Microsoft Visual Studio Solution File, Format Version 12.00
# Visual Studio Version 17
VisualStudioVersion = 17.5.33516.290
MinimumVisualStudioVersion = 10.0.40219.1
Project("{FAE04EC0-301F-11D3-BF4B-00C04F79EFBC}") = "clase2_calendar", "clase2_calendar\clase2_calendar.csproj", "{3E68B0CD-3506-4D9E-88DC-AF903C5094DB}"
EndProject
Global
	GlobalSection(SolutionConfigurationPlatforms) = preSolution
		Debug|Any CPU = Debug|Any CPU
		Release|Any CPU = Release|Any CPU
	EndGlobalSection
	GlobalSection(ProjectConfigurationPlatforms) = postSolution
		{3E68B0CD-3506-4D9E-88DC-AF903C5094DB}.Debug|Any CPU.ActiveCfg = Debug|Any CPU
		{3E68B0CD-3506-4D9E-88DC-AF903C5094DB}.Debug|Any CPU.Build.0 = Debug|Any CPU
		{3E68B0CD-3506-4D9E-88DC-AF903C5094DB}.Release|Any CPU.ActiveCfg = Release|Any CPU
		{3E68B0CD-3506-4D9E-88DC-AF903C5094DB}.Release|Any CPU.Build.0 = Release|Any CPU
	EndGlobalSection
	GlobalSection(SolutionProperties) = preSolution
		HideSolutionNode = FALSE
	EndGlobalSection
	GlobalSection(ExtensibilityGlobals) = postSolution
		SolutionGuid = {3E612ED6-4254-474A-936F-5E25484A8905}
	EndGlobalSection
EndGlobal
